{
  "version": 4,
  "terraform_version": "1.3.3",
  "serial": 15,
  "lineage": "7cb14531-2ad1-11e6-7f7f-f1da721e868a",
  "outputs": {},
  "resources": [
    {
      "mode": "managed",
      "type": "aws_iam_role",
      "name": "application_role",
      "provider": "provider[\"registry.terraform.io/hashicorp/aws\"]",
      "instances": [
        {
          "schema_version": 0,
          "attributes": {
            "arn": "arn:aws:iam::000000000000:role/ApplicationRole",
            "assume_role_policy": "{\"Statement\":[{\"Action\":\"sts:AssumeRole\",\"Effect\":\"Allow\",\"Principal\":{\"Service\":\"ec2.amazonaws.com\"}}],\"Version\":\"2012-10-17\"}",
            "create_date": "2022-10-30T13:03:47Z",
            "description": "",
            "force_detach_policies": false,
            "id": "ApplicationRole",
            "inline_policy": [],
            "managed_policy_arns": [],
            "max_session_duration": 3600,
            "name": "ApplicationRole",
            "name_prefix": "",
            "path": "/",
            "permissions_boundary": null,
            "tags": null,
            "tags_all": {},
            "unique_id": "AROAQAAAAAAAESAJU2BJV"
          },
          "sensitive_attributes": [],
          "private": "bnVsbA=="
        }
      ]
    },
    {
      "mode": "managed",
      "type": "aws_iam_role_policy_attachment",
      "name": "application_role_notifications_producer",
      "provider": "provider[\"registry.terraform.io/hashicorp/aws\"]",
      "instances": [
        {
          "schema_version": 0,
          "attributes": {
            "id": "ApplicationRole-20221030130413807500000002",
            "policy_arn": "arn:aws:iam::000000000000:policy/SQS-App1_q-us-east-1-producer",
            "role": "ApplicationRole"
          },
          "sensitive_attributes": [],
          "private": "bnVsbA==",
          "dependencies": [
            "aws_iam_role.application_role",
            "module.App1_q.aws_iam_policy.producer_policy",
            "module.App1_q.aws_sqs_queue.base_queue",
            "module.App1_q.data.aws_iam_policy_document.producer_policy",
            "module.App1_q.data.aws_region.current"
          ]
        }
      ]
    },
    {
      "mode": "managed",
      "type": "aws_iam_role_policy_attachment",
      "name": "application_role_rendering_producer",
      "provider": "provider[\"registry.terraform.io/hashicorp/aws\"]",
      "instances": [
        {
          "schema_version": 0,
          "attributes": {
            "id": "ApplicationRole-20221030130413807300000001",
            "policy_arn": "arn:aws:iam::000000000000:policy/SQS-App2_q-us-east-1-producer",
            "role": "ApplicationRole"
          },
          "sensitive_attributes": [],
          "private": "bnVsbA==",
          "dependencies": [
            "aws_iam_role.application_role",
            "module.App2_q.aws_iam_policy.producer_policy",
            "module.App2_q.aws_sqs_queue.base_queue",
            "module.App2_q.data.aws_iam_policy_document.producer_policy",
            "module.App2_q.data.aws_region.current"
          ]
        }
      ]
    },
    {
      "module": "module.App1_q",
      "mode": "data",
      "type": "aws_iam_policy_document",
      "name": "consumer_policy",
      "provider": "module.App1_q.provider[\"registry.terraform.io/hashicorp/aws\"]",
      "instances": [
        {
          "schema_version": 0,
          "attributes": {
            "id": "1009349528",
            "json": "{\n  \"Version\": \"2012-10-17\",\n  \"Statement\": [\n    {\n      \"Sid\": \"\",\n      \"Effect\": \"Allow\",\n      \"Action\": [\n        \"sqs:ReceiveMessage\",\n        \"sqs:GetQueueUrl\",\n        \"sqs:GetQueueAttributes\",\n        \"sqs:DeleteMessageBatch\",\n        \"sqs:DeleteMessage\",\n        \"sqs:ChangeMessageVisibilityBatch\",\n        \"sqs:ChangeMessageVisibility\"\n      ],\n      \"Resource\": \"arn:aws:sqs:us-east-1:000000000000:App1_q\"\n    }\n  ]\n}",
            "override_json": null,
            "override_policy_documents": null,
            "policy_id": null,
            "source_json": null,
            "source_policy_documents": null,
            "statement": [
              {
                "actions": [
                  "sqs:ChangeMessageVisibility",
                  "sqs:ChangeMessageVisibilityBatch",
                  "sqs:DeleteMessage",
                  "sqs:DeleteMessageBatch",
                  "sqs:GetQueueAttributes",
                  "sqs:GetQueueUrl",
                  "sqs:ReceiveMessage"
                ],
                "condition": [],
                "effect": "Allow",
                "not_actions": [],
                "not_principals": [],
                "not_resources": [],
                "principals": [],
                "resources": [
                  "arn:aws:sqs:us-east-1:000000000000:App1_q"
                ],
                "sid": ""
              }
            ],
            "version": "2012-10-17"
          },
          "sensitive_attributes": []
        }
      ]
    },
    {
      "module": "module.App1_q",
      "mode": "data",
      "type": "aws_iam_policy_document",
      "name": "producer_policy",
      "provider": "module.App1_q.provider[\"registry.terraform.io/hashicorp/aws\"]",
      "instances": [
        {
          "schema_version": 0,
          "attributes": {
            "id": "3989438862",
            "json": "{\n  \"Version\": \"2012-10-17\",\n  \"Statement\": [\n    {\n      \"Sid\": \"\",\n      \"Effect\": \"Allow\",\n      \"Action\": [\n        \"sqs:SendMessageBatch\",\n        \"sqs:SendMessage\",\n        \"sqs:GetQueueUrl\",\n        \"sqs:GetQueueAttributes\"\n      ],\n      \"Resource\": \"arn:aws:sqs:us-east-1:000000000000:App1_q\"\n    }\n  ]\n}",
            "override_json": null,
            "override_policy_documents": null,
            "policy_id": null,
            "source_json": null,
            "source_policy_documents": null,
            "statement": [
              {
                "actions": [
                  "sqs:GetQueueAttributes",
                  "sqs:GetQueueUrl",
                  "sqs:SendMessage",
                  "sqs:SendMessageBatch"
                ],
                "condition": [],
                "effect": "Allow",
                "not_actions": [],
                "not_principals": [],
                "not_resources": [],
                "principals": [],
                "resources": [
                  "arn:aws:sqs:us-east-1:000000000000:App1_q"
                ],
                "sid": ""
              }
            ],
            "version": "2012-10-17"
          },
          "sensitive_attributes": []
        }
      ]
    },
    {
      "module": "module.App1_q",
      "mode": "data",
      "type": "aws_region",
      "name": "current",
      "provider": "module.App1_q.provider[\"registry.terraform.io/hashicorp/aws\"]",
      "instances": [
        {
          "schema_version": 0,
          "attributes": {
            "description": "US East (N. Virginia)",
            "endpoint": "ec2.us-east-1.amazonaws.com",
            "id": "us-east-1",
            "name": "us-east-1"
          },
          "sensitive_attributes": []
        }
      ]
    },
    {
      "module": "module.App1_q",
      "mode": "managed",
      "type": "aws_iam_policy",
      "name": "consumer_policy",
      "provider": "module.App1_q.provider[\"registry.terraform.io/hashicorp/aws\"]",
      "instances": [
        {
          "schema_version": 0,
          "attributes": {
            "arn": "arn:aws:iam::000000000000:policy/SQS-App1_q-us-east-1-consumer_policy",
            "description": "Attach this policy to consumers of App1_q SQS queue",
            "id": "arn:aws:iam::000000000000:policy/SQS-App1_q-us-east-1-consumer_policy",
            "name": "SQS-App1_q-us-east-1-consumer_policy",
            "name_prefix": null,
            "path": "/",
            "policy": "{\"Statement\":[{\"Action\":[\"sqs:ReceiveMessage\",\"sqs:GetQueueUrl\",\"sqs:GetQueueAttributes\",\"sqs:DeleteMessageBatch\",\"sqs:DeleteMessage\",\"sqs:ChangeMessageVisibilityBatch\",\"sqs:ChangeMessageVisibility\"],\"Effect\":\"Allow\",\"Resource\":\"arn:aws:sqs:us-east-1:000000000000:App1_q\",\"Sid\":\"\"}],\"Version\":\"2012-10-17\"}",
            "policy_id": "ARLWG4BGSMEC12F2PEOMN",
            "tags": null,
            "tags_all": {}
          },
          "sensitive_attributes": [],
          "private": "bnVsbA==",
          "dependencies": [
            "module.App1_q.aws_sqs_queue.base_queue",
            "module.App1_q.data.aws_iam_policy_document.consumer_policy",
            "module.App1_q.data.aws_region.current"
          ]
        }
      ]
    },
    {
      "module": "module.App1_q",
      "mode": "managed",
      "type": "aws_iam_policy",
      "name": "producer_policy",
      "provider": "module.App1_q.provider[\"registry.terraform.io/hashicorp/aws\"]",
      "instances": [
        {
          "schema_version": 0,
          "attributes": {
            "arn": "arn:aws:iam::000000000000:policy/SQS-App1_q-us-east-1-producer",
            "description": "Attach this policy to producers for App1_q SQS queue",
            "id": "arn:aws:iam::000000000000:policy/SQS-App1_q-us-east-1-producer",
            "name": "SQS-App1_q-us-east-1-producer",
            "name_prefix": null,
            "path": "/",
            "policy": "{\"Statement\":[{\"Action\":[\"sqs:SendMessageBatch\",\"sqs:SendMessage\",\"sqs:GetQueueUrl\",\"sqs:GetQueueAttributes\"],\"Effect\":\"Allow\",\"Resource\":\"arn:aws:sqs:us-east-1:000000000000:App1_q\",\"Sid\":\"\"}],\"Version\":\"2012-10-17\"}",
            "policy_id": "AV0YCQ80RPPLTAJXXNT3E",
            "tags": null,
            "tags_all": {}
          },
          "sensitive_attributes": [],
          "private": "bnVsbA==",
          "dependencies": [
            "module.App1_q.aws_sqs_queue.base_queue",
            "module.App1_q.data.aws_iam_policy_document.producer_policy",
            "module.App1_q.data.aws_region.current"
          ]
        }
      ]
    },
    {
      "module": "module.App1_q",
      "mode": "managed",
      "type": "aws_sqs_queue",
      "name": "base_queue",
      "provider": "module.App1_q.provider[\"registry.terraform.io/hashicorp/aws\"]",
      "instances": [
        {
          "schema_version": 0,
          "attributes": {
            "arn": "arn:aws:sqs:us-east-1:000000000000:App1_q",
            "content_based_deduplication": false,
            "deduplication_scope": "",
            "delay_seconds": 0,
            "fifo_queue": false,
            "fifo_throughput_limit": "",
            "id": "http://localhost:4566/000000000000/App1_q",
            "kms_data_key_reuse_period_seconds": 300,
            "kms_master_key_id": "",
            "max_message_size": 262144,
            "message_retention_seconds": 86400,
            "name": "App1_q",
            "name_prefix": "",
            "policy": "",
            "receive_wait_time_seconds": 0,
            "redrive_allow_policy": "",
            "redrive_policy": "",
            "sqs_managed_sse_enabled": false,
            "tags": null,
            "tags_all": {},
            "url": "http://localhost:4566/000000000000/App1_q",
            "visibility_timeout_seconds": 60
          },
          "sensitive_attributes": [],
          "private": "bnVsbA=="
        }
      ]
    },
    {
      "module": "module.App2_q",
      "mode": "data",
      "type": "aws_iam_policy_document",
      "name": "consumer_policy",
      "provider": "module.App2_q.provider[\"registry.terraform.io/hashicorp/aws\"]",
      "instances": [
        {
          "schema_version": 0,
          "attributes": {
            "id": "367118186",
            "json": "{\n  \"Version\": \"2012-10-17\",\n  \"Statement\": [\n    {\n      \"Sid\": \"\",\n      \"Effect\": \"Allow\",\n      \"Action\": [\n        \"sqs:ReceiveMessage\",\n        \"sqs:GetQueueUrl\",\n        \"sqs:GetQueueAttributes\",\n        \"sqs:DeleteMessageBatch\",\n        \"sqs:DeleteMessage\",\n        \"sqs:ChangeMessageVisibilityBatch\",\n        \"sqs:ChangeMessageVisibility\"\n      ],\n      \"Resource\": \"arn:aws:sqs:us-east-1:000000000000:App2_q\"\n    }\n  ]\n}",
            "override_json": null,
            "override_policy_documents": null,
            "policy_id": null,
            "source_json": null,
            "source_policy_documents": null,
            "statement": [
              {
                "actions": [
                  "sqs:ChangeMessageVisibility",
                  "sqs:ChangeMessageVisibilityBatch",
                  "sqs:DeleteMessage",
                  "sqs:DeleteMessageBatch",
                  "sqs:GetQueueAttributes",
                  "sqs:GetQueueUrl",
                  "sqs:ReceiveMessage"
                ],
                "condition": [],
                "effect": "Allow",
                "not_actions": [],
                "not_principals": [],
                "not_resources": [],
                "principals": [],
                "resources": [
                  "arn:aws:sqs:us-east-1:000000000000:App2_q"
                ],
                "sid": ""
              }
            ],
            "version": "2012-10-17"
          },
          "sensitive_attributes": []
        }
      ]
    },
    {
      "module": "module.App2_q",
      "mode": "data",
      "type": "aws_iam_policy_document",
      "name": "producer_policy",
      "provider": "module.App2_q.provider[\"registry.terraform.io/hashicorp/aws\"]",
      "instances": [
        {
          "schema_version": 0,
          "attributes": {
            "id": "3288511868",
            "json": "{\n  \"Version\": \"2012-10-17\",\n  \"Statement\": [\n    {\n      \"Sid\": \"\",\n      \"Effect\": \"Allow\",\n      \"Action\": [\n        \"sqs:SendMessageBatch\",\n        \"sqs:SendMessage\",\n        \"sqs:GetQueueUrl\",\n        \"sqs:GetQueueAttributes\"\n      ],\n      \"Resource\": \"arn:aws:sqs:us-east-1:000000000000:App2_q\"\n    }\n  ]\n}",
            "override_json": null,
            "override_policy_documents": null,
            "policy_id": null,
            "source_json": null,
            "source_policy_documents": null,
            "statement": [
              {
                "actions": [
                  "sqs:GetQueueAttributes",
                  "sqs:GetQueueUrl",
                  "sqs:SendMessage",
                  "sqs:SendMessageBatch"
                ],
                "condition": [],
                "effect": "Allow",
                "not_actions": [],
                "not_principals": [],
                "not_resources": [],
                "principals": [],
                "resources": [
                  "arn:aws:sqs:us-east-1:000000000000:App2_q"
                ],
                "sid": ""
              }
            ],
            "version": "2012-10-17"
          },
          "sensitive_attributes": []
        }
      ]
    },
    {
      "module": "module.App2_q",
      "mode": "data",
      "type": "aws_region",
      "name": "current",
      "provider": "module.App2_q.provider[\"registry.terraform.io/hashicorp/aws\"]",
      "instances": [
        {
          "schema_version": 0,
          "attributes": {
            "description": "US East (N. Virginia)",
            "endpoint": "ec2.us-east-1.amazonaws.com",
            "id": "us-east-1",
            "name": "us-east-1"
          },
          "sensitive_attributes": []
        }
      ]
    },
    {
      "module": "module.App2_q",
      "mode": "managed",
      "type": "aws_iam_policy",
      "name": "consumer_policy",
      "provider": "module.App2_q.provider[\"registry.terraform.io/hashicorp/aws\"]",
      "instances": [
        {
          "schema_version": 0,
          "attributes": {
            "arn": "arn:aws:iam::000000000000:policy/SQS-App2_q-us-east-1-consumer_policy",
            "description": "Attach this policy to consumers of App2_q SQS queue",
            "id": "arn:aws:iam::000000000000:policy/SQS-App2_q-us-east-1-consumer_policy",
            "name": "SQS-App2_q-us-east-1-consumer_policy",
            "name_prefix": null,
            "path": "/",
            "policy": "{\"Statement\":[{\"Action\":[\"sqs:ReceiveMessage\",\"sqs:GetQueueUrl\",\"sqs:GetQueueAttributes\",\"sqs:DeleteMessageBatch\",\"sqs:DeleteMessage\",\"sqs:ChangeMessageVisibilityBatch\",\"sqs:ChangeMessageVisibility\"],\"Effect\":\"Allow\",\"Resource\":\"arn:aws:sqs:us-east-1:000000000000:App2_q\",\"Sid\":\"\"}],\"Version\":\"2012-10-17\"}",
            "policy_id": "ATTSEQY91MJZWLJ6IE035",
            "tags": null,
            "tags_all": {}
          },
          "sensitive_attributes": [],
          "private": "bnVsbA==",
          "dependencies": [
            "module.App2_q.aws_sqs_queue.base_queue",
            "module.App2_q.data.aws_iam_policy_document.consumer_policy",
            "module.App2_q.data.aws_region.current"
          ]
        }
      ]
    },
    {
      "module": "module.App2_q",
      "mode": "managed",
      "type": "aws_iam_policy",
      "name": "producer_policy",
      "provider": "module.App2_q.provider[\"registry.terraform.io/hashicorp/aws\"]",
      "instances": [
        {
          "schema_version": 0,
          "attributes": {
            "arn": "arn:aws:iam::000000000000:policy/SQS-App2_q-us-east-1-producer",
            "description": "Attach this policy to producers for App2_q SQS queue",
            "id": "arn:aws:iam::000000000000:policy/SQS-App2_q-us-east-1-producer",
            "name": "SQS-App2_q-us-east-1-producer",
            "name_prefix": null,
            "path": "/",
            "policy": "{\"Statement\":[{\"Action\":[\"sqs:SendMessageBatch\",\"sqs:SendMessage\",\"sqs:GetQueueUrl\",\"sqs:GetQueueAttributes\"],\"Effect\":\"Allow\",\"Resource\":\"arn:aws:sqs:us-east-1:000000000000:App2_q\",\"Sid\":\"\"}],\"Version\":\"2012-10-17\"}",
            "policy_id": "AYJT4F3LKKLGUYCZX6W2A",
            "tags": null,
            "tags_all": {}
          },
          "sensitive_attributes": [],
          "private": "bnVsbA==",
          "dependencies": [
            "module.App2_q.aws_sqs_queue.base_queue",
            "module.App2_q.data.aws_iam_policy_document.producer_policy",
            "module.App2_q.data.aws_region.current"
          ]
        }
      ]
    },
    {
      "module": "module.App2_q",
      "mode": "managed",
      "type": "aws_sqs_queue",
      "name": "base_queue",
      "provider": "module.App2_q.provider[\"registry.terraform.io/hashicorp/aws\"]",
      "instances": [
        {
          "schema_version": 0,
          "attributes": {
            "arn": "arn:aws:sqs:us-east-1:000000000000:App2_q",
            "content_based_deduplication": false,
            "deduplication_scope": "",
            "delay_seconds": 0,
            "fifo_queue": false,
            "fifo_throughput_limit": "",
            "id": "http://localhost:4566/000000000000/App2_q",
            "kms_data_key_reuse_period_seconds": 300,
            "kms_master_key_id": "",
            "max_message_size": 262144,
            "message_retention_seconds": 86400,
            "name": "App2_q",
            "name_prefix": "",
            "policy": "",
            "receive_wait_time_seconds": 0,
            "redrive_allow_policy": "",
            "redrive_policy": "",
            "sqs_managed_sse_enabled": false,
            "tags": null,
            "tags_all": {},
            "url": "http://localhost:4566/000000000000/App2_q",
            "visibility_timeout_seconds": 60
          },
          "sensitive_attributes": [],
          "private": "bnVsbA=="
        }
      ]
    }
  ],
  "check_results": []
}
